
Microsoft Visual Studio Solution File, Format Version 12.00
# Visual Studio Version 17
VisualStudioVersion = 17.13.35931.197
MinimumVisualStudioVersion = 10.0.40219.1
Project("{FAE04EC0-301F-11D3-BF4B-00C04F79EFBC}") = "Obase.Core", "Src\Obase\Obase.Core\Obase.Core.csproj", "{00B370D2-AA6D-459D-97B0-02EA2100272A}"
EndProject
Project("{2150E333-8FDC-42A3-9474-1A3956D46DE8}") = "Obase", "Obase", "{02EA681E-C7D8-13C7-8484-4AC65E1B71E8}"
EndProject
Project("{2150E333-8FDC-42A3-9474-1A3956D46DE8}") = "UnitTest", "UnitTest", "{20BB4F50-C98D-4362-9A08-C5A43E0F171C}"
EndProject
Project("{FAE04EC0-301F-11D3-BF4B-00C04F79EFBC}") = "Obase.Test.Domain", "Src\UnitTest\Obase.Test.Domain\Obase.Test.Domain.csproj", "{48D98641-6451-4BA3-AEAD-75EB433DD190}"
EndProject
Project("{FAE04EC0-301F-11D3-BF4B-00C04F79EFBC}") = "Obase.LogicDeletion", "Src\Obase\Obase.LogicDeletion\Obase.LogicDeletion.csproj", "{F292DC40-4813-4F70-94E6-80F3D5A18868}"
EndProject
Project("{FAE04EC0-301F-11D3-BF4B-00C04F79EFBC}") = "Obase.MultiTenant", "Src\Obase\Obase.MultiTenant\Obase.MultiTenant.csproj", "{374481B0-BA55-479B-900A-16DA86956A53}"
EndProject
Project("{FAE04EC0-301F-11D3-BF4B-00C04F79EFBC}") = "Obase.Odm.Annotation", "Src\Obase\Obase.Odm.Annotation\Obase.Odm.Annotation.csproj", "{EA3AB512-56C1-4D92-9718-9CF3397CB296}"
EndProject
Project("{FAE04EC0-301F-11D3-BF4B-00C04F79EFBC}") = "Obase.Providers.Sql", "Src\Obase\Obase.Providers.Sql\Obase.Providers.Sql.csproj", "{145805E1-82D9-4705-962B-36AD18717B71}"
EndProject
Project("{FAE04EC0-301F-11D3-BF4B-00C04F79EFBC}") = "Obase.Providers.MySql", "Src\Obase\Obase.Providers.MySql\Obase.Providers.MySql.csproj", "{5E39279E-5FB5-442E-A972-25C9CB3C39FC}"
EndProject
Project("{FAE04EC0-301F-11D3-BF4B-00C04F79EFBC}") = "Obase.Providers.Oracle", "Src\Obase\Obase.Providers.Oracle\Obase.Providers.Oracle.csproj", "{4BB0785E-FC51-4431-9A87-515C2D6E6F59}"
EndProject
Project("{FAE04EC0-301F-11D3-BF4B-00C04F79EFBC}") = "Obase.Providers.PostgreSql", "Src\Obase\Obase.Providers.PostgreSql\Obase.Providers.PostgreSql.csproj", "{74EAFFCF-BC2E-4E45-ADAD-96B1DF1AC6BA}"
EndProject
Project("{FAE04EC0-301F-11D3-BF4B-00C04F79EFBC}") = "Obase.Providers.Sqlite", "Src\Obase\Obase.Providers.Sqlite\Obase.Providers.Sqlite.csproj", "{32F5B13F-96B7-4D35-B9B1-9A77BD5577FC}"
EndProject
Project("{FAE04EC0-301F-11D3-BF4B-00C04F79EFBC}") = "Obase.Providers.SqlServer", "Src\Obase\Obase.Providers.SqlServer\Obase.Providers.SqlServer.csproj", "{2E3AEAEB-52A9-4AFA-8536-9F95B5262038}"
EndProject
Project("{FAE04EC0-301F-11D3-BF4B-00C04F79EFBC}") = "Obase.AddonTest.Domain", "Src\UnitTest\Obase.AddonTest.Domain\Obase.AddonTest.Domain.csproj", "{8836B614-345F-4EC0-B06B-45F5D2DCBB00}"
EndProject
Project("{FAE04EC0-301F-11D3-BF4B-00C04F79EFBC}") = "Obase.Test.Infrastructure", "Src\UnitTest\Obase.Test.Infrastructure\Obase.Test.Infrastructure.csproj", "{AE4EA872-AE7C-4B28-A55F-4FB417C8BD1B}"
EndProject
Project("{FAE04EC0-301F-11D3-BF4B-00C04F79EFBC}") = "Obase.Test", "Src\UnitTest\Obase.Test\Obase.Test.csproj", "{BEA066C0-C20F-4F1F-974A-159905DD1983}"
EndProject
Global
	GlobalSection(SolutionConfigurationPlatforms) = preSolution
		Debug|Any CPU = Debug|Any CPU
		Release|Any CPU = Release|Any CPU
	EndGlobalSection
	GlobalSection(ProjectConfigurationPlatforms) = postSolution
		{00B370D2-AA6D-459D-97B0-02EA2100272A}.Debug|Any CPU.ActiveCfg = Debug|Any CPU
		{00B370D2-AA6D-459D-97B0-02EA2100272A}.Debug|Any CPU.Build.0 = Debug|Any CPU
		{00B370D2-AA6D-459D-97B0-02EA2100272A}.Release|Any CPU.ActiveCfg = Release|Any CPU
		{00B370D2-AA6D-459D-97B0-02EA2100272A}.Release|Any CPU.Build.0 = Release|Any CPU
		{48D98641-6451-4BA3-AEAD-75EB433DD190}.Debug|Any CPU.ActiveCfg = Debug|Any CPU
		{48D98641-6451-4BA3-AEAD-75EB433DD190}.Debug|Any CPU.Build.0 = Debug|Any CPU
		{48D98641-6451-4BA3-AEAD-75EB433DD190}.Release|Any CPU.ActiveCfg = Release|Any CPU
		{48D98641-6451-4BA3-AEAD-75EB433DD190}.Release|Any CPU.Build.0 = Release|Any CPU
		{F292DC40-4813-4F70-94E6-80F3D5A18868}.Debug|Any CPU.ActiveCfg = Debug|Any CPU
		{F292DC40-4813-4F70-94E6-80F3D5A18868}.Debug|Any CPU.Build.0 = Debug|Any CPU
		{F292DC40-4813-4F70-94E6-80F3D5A18868}.Release|Any CPU.ActiveCfg = Release|Any CPU
		{F292DC40-4813-4F70-94E6-80F3D5A18868}.Release|Any CPU.Build.0 = Release|Any CPU
		{374481B0-BA55-479B-900A-16DA86956A53}.Debug|Any CPU.ActiveCfg = Debug|Any CPU
		{374481B0-BA55-479B-900A-16DA86956A53}.Debug|Any CPU.Build.0 = Debug|Any CPU
		{374481B0-BA55-479B-900A-16DA86956A53}.Release|Any CPU.ActiveCfg = Release|Any CPU
		{374481B0-BA55-479B-900A-16DA86956A53}.Release|Any CPU.Build.0 = Release|Any CPU
		{EA3AB512-56C1-4D92-9718-9CF3397CB296}.Debug|Any CPU.ActiveCfg = Debug|Any CPU
		{EA3AB512-56C1-4D92-9718-9CF3397CB296}.Debug|Any CPU.Build.0 = Debug|Any CPU
		{EA3AB512-56C1-4D92-9718-9CF3397CB296}.Release|Any CPU.ActiveCfg = Release|Any CPU
		{EA3AB512-56C1-4D92-9718-9CF3397CB296}.Release|Any CPU.Build.0 = Release|Any CPU
		{145805E1-82D9-4705-962B-36AD18717B71}.Debug|Any CPU.ActiveCfg = Debug|Any CPU
		{145805E1-82D9-4705-962B-36AD18717B71}.Debug|Any CPU.Build.0 = Debug|Any CPU
		{145805E1-82D9-4705-962B-36AD18717B71}.Release|Any CPU.ActiveCfg = Release|Any CPU
		{145805E1-82D9-4705-962B-36AD18717B71}.Release|Any CPU.Build.0 = Release|Any CPU
		{5E39279E-5FB5-442E-A972-25C9CB3C39FC}.Debug|Any CPU.ActiveCfg = Debug|Any CPU
		{5E39279E-5FB5-442E-A972-25C9CB3C39FC}.Debug|Any CPU.Build.0 = Debug|Any CPU
		{5E39279E-5FB5-442E-A972-25C9CB3C39FC}.Release|Any CPU.ActiveCfg = Release|Any CPU
		{5E39279E-5FB5-442E-A972-25C9CB3C39FC}.Release|Any CPU.Build.0 = Release|Any CPU
		{4BB0785E-FC51-4431-9A87-515C2D6E6F59}.Debug|Any CPU.ActiveCfg = Debug|Any CPU
		{4BB0785E-FC51-4431-9A87-515C2D6E6F59}.Debug|Any CPU.Build.0 = Debug|Any CPU
		{4BB0785E-FC51-4431-9A87-515C2D6E6F59}.Release|Any CPU.ActiveCfg = Release|Any CPU
		{4BB0785E-FC51-4431-9A87-515C2D6E6F59}.Release|Any CPU.Build.0 = Release|Any CPU
		{74EAFFCF-BC2E-4E45-ADAD-96B1DF1AC6BA}.Debug|Any CPU.ActiveCfg = Debug|Any CPU
		{74EAFFCF-BC2E-4E45-ADAD-96B1DF1AC6BA}.Debug|Any CPU.Build.0 = Debug|Any CPU
		{74EAFFCF-BC2E-4E45-ADAD-96B1DF1AC6BA}.Release|Any CPU.ActiveCfg = Release|Any CPU
		{74EAFFCF-BC2E-4E45-ADAD-96B1DF1AC6BA}.Release|Any CPU.Build.0 = Release|Any CPU
		{32F5B13F-96B7-4D35-B9B1-9A77BD5577FC}.Debug|Any CPU.ActiveCfg = Debug|Any CPU
		{32F5B13F-96B7-4D35-B9B1-9A77BD5577FC}.Debug|Any CPU.Build.0 = Debug|Any CPU
		{32F5B13F-96B7-4D35-B9B1-9A77BD5577FC}.Release|Any CPU.ActiveCfg = Release|Any CPU
		{32F5B13F-96B7-4D35-B9B1-9A77BD5577FC}.Release|Any CPU.Build.0 = Release|Any CPU
		{2E3AEAEB-52A9-4AFA-8536-9F95B5262038}.Debug|Any CPU.ActiveCfg = Debug|Any CPU
		{2E3AEAEB-52A9-4AFA-8536-9F95B5262038}.Debug|Any CPU.Build.0 = Debug|Any CPU
		{2E3AEAEB-52A9-4AFA-8536-9F95B5262038}.Release|Any CPU.ActiveCfg = Release|Any CPU
		{2E3AEAEB-52A9-4AFA-8536-9F95B5262038}.Release|Any CPU.Build.0 = Release|Any CPU
		{8836B614-345F-4EC0-B06B-45F5D2DCBB00}.Debug|Any CPU.ActiveCfg = Debug|Any CPU
		{8836B614-345F-4EC0-B06B-45F5D2DCBB00}.Debug|Any CPU.Build.0 = Debug|Any CPU
		{8836B614-345F-4EC0-B06B-45F5D2DCBB00}.Release|Any CPU.ActiveCfg = Release|Any CPU
		{8836B614-345F-4EC0-B06B-45F5D2DCBB00}.Release|Any CPU.Build.0 = Release|Any CPU
		{AE4EA872-AE7C-4B28-A55F-4FB417C8BD1B}.Debug|Any CPU.ActiveCfg = Debug|Any CPU
		{AE4EA872-AE7C-4B28-A55F-4FB417C8BD1B}.Debug|Any CPU.Build.0 = Debug|Any CPU
		{AE4EA872-AE7C-4B28-A55F-4FB417C8BD1B}.Release|Any CPU.ActiveCfg = Release|Any CPU
		{AE4EA872-AE7C-4B28-A55F-4FB417C8BD1B}.Release|Any CPU.Build.0 = Release|Any CPU
		{BEA066C0-C20F-4F1F-974A-159905DD1983}.Debug|Any CPU.ActiveCfg = Debug|Any CPU
		{BEA066C0-C20F-4F1F-974A-159905DD1983}.Debug|Any CPU.Build.0 = Debug|Any CPU
		{BEA066C0-C20F-4F1F-974A-159905DD1983}.Release|Any CPU.ActiveCfg = Release|Any CPU
		{BEA066C0-C20F-4F1F-974A-159905DD1983}.Release|Any CPU.Build.0 = Release|Any CPU
	EndGlobalSection
	GlobalSection(SolutionProperties) = preSolution
		HideSolutionNode = FALSE
	EndGlobalSection
	GlobalSection(NestedProjects) = preSolution
		{00B370D2-AA6D-459D-97B0-02EA2100272A} = {02EA681E-C7D8-13C7-8484-4AC65E1B71E8}
		{48D98641-6451-4BA3-AEAD-75EB433DD190} = {20BB4F50-C98D-4362-9A08-C5A43E0F171C}
		{F292DC40-4813-4F70-94E6-80F3D5A18868} = {02EA681E-C7D8-13C7-8484-4AC65E1B71E8}
		{374481B0-BA55-479B-900A-16DA86956A53} = {02EA681E-C7D8-13C7-8484-4AC65E1B71E8}
		{EA3AB512-56C1-4D92-9718-9CF3397CB296} = {02EA681E-C7D8-13C7-8484-4AC65E1B71E8}
		{145805E1-82D9-4705-962B-36AD18717B71} = {02EA681E-C7D8-13C7-8484-4AC65E1B71E8}
		{5E39279E-5FB5-442E-A972-25C9CB3C39FC} = {02EA681E-C7D8-13C7-8484-4AC65E1B71E8}
		{4BB0785E-FC51-4431-9A87-515C2D6E6F59} = {02EA681E-C7D8-13C7-8484-4AC65E1B71E8}
		{74EAFFCF-BC2E-4E45-ADAD-96B1DF1AC6BA} = {02EA681E-C7D8-13C7-8484-4AC65E1B71E8}
		{32F5B13F-96B7-4D35-B9B1-9A77BD5577FC} = {02EA681E-C7D8-13C7-8484-4AC65E1B71E8}
		{2E3AEAEB-52A9-4AFA-8536-9F95B5262038} = {02EA681E-C7D8-13C7-8484-4AC65E1B71E8}
		{8836B614-345F-4EC0-B06B-45F5D2DCBB00} = {20BB4F50-C98D-4362-9A08-C5A43E0F171C}
		{AE4EA872-AE7C-4B28-A55F-4FB417C8BD1B} = {20BB4F50-C98D-4362-9A08-C5A43E0F171C}
		{BEA066C0-C20F-4F1F-974A-159905DD1983} = {20BB4F50-C98D-4362-9A08-C5A43E0F171C}
	EndGlobalSection
	GlobalSection(ExtensibilityGlobals) = postSolution
		SolutionGuid = {80FBB3A3-AEBF-4DA4-BC94-11872CCF1ED8}
	EndGlobalSection
EndGlobal
